
Microsoft Visual Studio Solution File, Format Version 12.00
Project("{FAE04EC0-301F-11D3-BF4B-00C04F79EFBC}") = "MethodRef", "MethodRef\MethodRef.csproj", "{6C638D7A-9D24-4CDD-BFCE-81066D83AE2D}"
EndProject
Project("{FAE04EC0-301F-11D3-BF4B-00C04F79EFBC}") = "MethodRefFrontend", "MethodRefFrontend\MethodRefFrontend.csproj", "{66FEBBAC-9FA8-4A88-A045-1FAD35AF0FBC}"
EndProject
Global
	GlobalSection(SolutionConfigurationPlatforms) = preSolution
		Debug|Any CPU = Debug|Any CPU
		Release|Any CPU = Release|Any CPU
	EndGlobalSection
	GlobalSection(ProjectConfigurationPlatforms) = postSolution
		{6C638D7A-9D24-4CDD-BFCE-81066D83AE2D}.Debug|Any CPU.ActiveCfg = Debug|Any CPU
		{6C638D7A-9D24-4CDD-BFCE-81066D83AE2D}.Debug|Any CPU.Build.0 = Debug|Any CPU
		{6C638D7A-9D24-4CDD-BFCE-81066D83AE2D}.Release|Any CPU.ActiveCfg = Release|Any CPU
		{6C638D7A-9D24-4CDD-BFCE-81066D83AE2D}.Release|Any CPU.Build.0 = Release|Any CPU
		{66FEBBAC-9FA8-4A88-A045-1FAD35AF0FBC}.Debug|Any CPU.ActiveCfg = Debug|Any CPU
		{66FEBBAC-9FA8-4A88-A045-1FAD35AF0FBC}.Debug|Any CPU.Build.0 = Debug|Any CPU
		{66FEBBAC-9FA8-4A88-A045-1FAD35AF0FBC}.Release|Any CPU.ActiveCfg = Release|Any CPU
		{66FEBBAC-9FA8-4A88-A045-1FAD35AF0FBC}.Release|Any CPU.Build.0 = Release|Any CPU
	EndGlobalSection
EndGlobal
